
Microsoft Visual Studio Solution File, Format Version 12.00
# Visual Studio 15
VisualStudioVersion = 15.0.28307.1401
MinimumVisualStudioVersion = 10.0.40219.1
Project("{FAE04EC0-301F-11D3-BF4B-00C04F79EFBC}") = "ConvertJson", "ConvertJson\ConvertJson.csproj", "{4FDE4E4D-6FC4-4A09-BDA4-2AA98157CC94}"
EndProject
Global
	GlobalSection(SolutionConfigurationPlatforms) = preSolution
		Debug|Any CPU = Debug|Any CPU
		Release|Any CPU = Release|Any CPU
	EndGlobalSection
	GlobalSection(ProjectConfigurationPlatforms) = postSolution
		{4FDE4E4D-6FC4-4A09-BDA4-2AA98157CC94}.Debug|Any CPU.ActiveCfg = Debug|Any CPU
		{4FDE4E4D-6FC4-4A09-BDA4-2AA98157CC94}.Debug|Any CPU.Build.0 = Debug|Any CPU
		{4FDE4E4D-6FC4-4A09-BDA4-2AA98157CC94}.Release|Any CPU.ActiveCfg = Release|Any CPU
		{4FDE4E4D-6FC4-4A09-BDA4-2AA98157CC94}.Release|Any CPU.Build.0 = Release|Any CPU
	EndGlobalSection
	GlobalSection(SolutionProperties) = preSolution
		HideSolutionNode = FALSE
	EndGlobalSection
	GlobalSection(ExtensibilityGlobals) = postSolution
		SolutionGuid = {D99CD0AD-28FF-4F3E-A384-0F7676F49142}
	EndGlobalSection
EndGlobal
